PODS:
  - BringgTracking (1.18.0):
    - Socket.IO-Client-Swift (~> 8.3.3)
  - Socket.IO-Client-Swift (8.3.3)

DEPENDENCIES:
  - BringgTracking (~> 1.18)

SPEC CHECKSUMS:
  BringgTracking: 413ed95285112139e2798f7a9892e40289f20e14
  Socket.IO-Client-Swift: a2faffdbde89c63aebc5d631041530c1068b02b8

PODFILE CHECKSUM: 27f8f0bef7d7d6ac89beb4d50c5145082d4a220d

COCOAPODS: 1.3.1
