PODS:
  - BringgTracking (1.10.4):
    - Socket.IO-Client-Swift (~> 8.1.2)
  - Socket.IO-Client-Swift (8.1.2)

DEPENDENCIES:
  - BringgTracking (from `~/bringg/customer-sdk/sdk/customer-sdk-ios`)

EXTERNAL SOURCES:
  BringgTracking:
    :path: ~/bringg/customer-sdk/sdk/customer-sdk-ios

SPEC CHECKSUMS:
  BringgTracking: a34c5c1a36e6deaaa219811e3d4c0a44ad6ab1d9
  Socket.IO-Client-Swift: 542d82e6708f9901b3f6c1d134fb60fa0d09d4d1

PODFILE CHECKSUM: 11d10470fd02d9a49e9c56a70933ca66f5197e48

COCOAPODS: 1.2.0.beta.1
