PODS:
  - BringgTracking (1.9.93):
    - Socket.IO-Client-Swift
  - Socket.IO-Client-Swift (8.0.2)

DEPENDENCIES:
  - BringgTracking

SPEC CHECKSUMS:
  BringgTracking: 5cdf0a4562aa5f0c7d92803654f999abdec64142
  Socket.IO-Client-Swift: 136598e4a81a42b0e6855e7f94a0e5a6efdc5ff8

PODFILE CHECKSUM: 70ddb6489a5ea1e8132b824690d72ca552f75533

COCOAPODS: 1.1.1
