// !$*UTF8*$!
{
	archiveVersion = 1;
	classes = {
	};
	objectVersion = 46;
	objects = {

/* Begin PBXBuildFile section */
		1353D57A1B42D57E00704003 /* libBringgTracking.a in Frameworks */ = {isa = PBXBuildFile; fileRef = 1353D5781B42D4F300704003 /* libBringgTracking.a */; };
		139AA5231B42BD3800E95ED3 /* AddOrderViewController.m in Sources */ = {isa = PBXBuildFile; fileRef = 139AA5221B42BD3800E95ED3 /* AddOrderViewController.m */; };
		A913A48C1A41CFF90002AE32 /* main.m in Sources */ = {isa = PBXBuildFile; fileRef = A913A48B1A41CFF90002AE32 /* main.m */; };
		A913A48F1A41CFF90002AE32 /* AppDelegate.m in Sources */ = {isa = PBXBuildFile; fileRef = A913A48E1A41CFF90002AE32 /* AppDelegate.m */; };
		A913A4921A41CFF90002AE32 /* MainViewController.m in Sources */ = {isa = PBXBuildFile; fileRef = A913A4911A41CFF90002AE32 /* MainViewController.m */; };
		A913A4951A41CFF90002AE32 /* Main.storyboard in Resources */ = {isa = PBXBuildFile; fileRef = A913A4931A41CFF90002AE32 /* Main.storyboard */; };
		A913A4971A41CFF90002AE32 /* Images.xcassets in Resources */ = {isa = PBXBuildFile; fileRef = A913A4961A41CFF90002AE32 /* Images.xcassets */; };
		A913A49A1A41CFF90002AE32 /* LaunchScreen.xib in Resources */ = {isa = PBXBuildFile; fileRef = A913A4981A41CFF90002AE32 /* LaunchScreen.xib */; };
		A913A4A61A41CFF90002AE32 /* BringgTrackingSDKDemoTests.m in Sources */ = {isa = PBXBuildFile; fileRef = A913A4A51A41CFF90002AE32 /* BringgTrackingSDKDemoTests.m */; };
		A99163F51A5165A5008BADCD /* SystemConfiguration.framework in Frameworks */ = {isa = PBXBuildFile; fileRef = A99163F41A5165A5008BADCD /* SystemConfiguration.framework */; };
		A9A2F7101AADB0F1003038E8 /* MobileCoreServices.framework in Frameworks */ = {isa = PBXBuildFile; fileRef = A9A2F70F1AADB0F1003038E8 /* MobileCoreServices.framework */; };
		A9E71BBC1A4304A3000BA846 /* libicucore.dylib in Frameworks */ = {isa = PBXBuildFile; fileRef = A9A94B8A1A42F295006C5A58 /* libicucore.dylib */; };
		A9E71BBD1A4304A8000BA846 /* CFNetwork.framework in Frameworks */ = {isa = PBXBuildFile; fileRef = A9A94B881A42F284006C5A58 /* CFNetwork.framework */; };
		A9E71BBE1A4304AA000BA846 /* Security.framework in Frameworks */ = {isa = PBXBuildFile; fileRef = A9A94B861A42F279006C5A58 /* Security.framework */; };
		A9E71BBF1A4304AE000BA846 /* Foundation.framework in Frameworks */ = {isa = PBXBuildFile; fileRef = A9A94B841A42F272006C5A58 /* Foundation.framework */; };
/* End PBXBuildFile section */

/* Begin PBXContainerItemProxy section */
		A913A4A01A41CFF90002AE32 /* PBXContainerItemProxy */ = {
			isa = PBXContainerItemProxy;
			containerPortal = A913A47E1A41CFF80002AE32 /* Project object */;
			proxyType = 1;
			remoteGlobalIDString = A913A4851A41CFF80002AE32;
			remoteInfo = BringgTrackingSDKDemo;
		};
/* End PBXContainerItemProxy section */

/* Begin PBXCopyFilesBuildPhase section */
		A91923C21A42E9DA004CBA0E /* Embed Frameworks */ = {
			isa = PBXCopyFilesBuildPhase;
			buildActionMask = 2147483647;
			dstPath = "";
			dstSubfolderSpec = 10;
			files = (
			);
			name = "Embed Frameworks";
			runOnlyForDeploymentPostprocessing = 0;
		};
/* End PBXCopyFilesBuildPhase section */

/* Begin PBXFileReference section */
		130CA55E1BF0D9CA002C26F7 /* GGBringgUtils.h */ = {isa = PBXFileReference; fileEncoding = 4; lastKnownFileType = sourcecode.c.h; path = GGBringgUtils.h; sourceTree = "<group>"; };
		130CA55F1BF0D9CA002C26F7 /* GGWaypoint.h */ = {isa = PBXFileReference; fileEncoding = 4; lastKnownFileType = sourcecode.c.h; path = GGWaypoint.h; sourceTree = "<group>"; };
		130CA5601BF0D9CA002C26F7 /* SRWebSocket.h */ = {isa = PBXFileReference; fileEncoding = 4; lastKnownFileType = sourcecode.c.h; path = SRWebSocket.h; sourceTree = "<group>"; };
		1353D5651B42D4F300704003 /* BringgGlobals.h */ = {isa = PBXFileReference; fileEncoding = 4; lastKnownFileType = sourcecode.c.h; path = BringgGlobals.h; sourceTree = "<group>"; };
		1353D5681B42D4F300704003 /* GGCustomer.h */ = {isa = PBXFileReference; fileEncoding = 4; lastKnownFileType = sourcecode.c.h; path = GGCustomer.h; sourceTree = "<group>"; };
		1353D5691B42D4F300704003 /* GGDriver.h */ = {isa = PBXFileReference; fileEncoding = 4; lastKnownFileType = sourcecode.c.h; path = GGDriver.h; sourceTree = "<group>"; };
		1353D56A1B42D4F300704003 /* GGHTTPClientManager.h */ = {isa = PBXFileReference; fileEncoding = 4; lastKnownFileType = sourcecode.c.h; path = GGHTTPClientManager.h; sourceTree = "<group>"; };
		1353D56B1B42D4F300704003 /* GGOrder.h */ = {isa = PBXFileReference; fileEncoding = 4; lastKnownFileType = sourcecode.c.h; path = GGOrder.h; sourceTree = "<group>"; };
		1353D56C1B42D4F300704003 /* GGOrderBuilder.h */ = {isa = PBXFileReference; fileEncoding = 4; lastKnownFileType = sourcecode.c.h; path = GGOrderBuilder.h; sourceTree = "<group>"; };
		1353D56D1B42D4F300704003 /* GGRating.h */ = {isa = PBXFileReference; fileEncoding = 4; lastKnownFileType = sourcecode.c.h; path = GGRating.h; sourceTree = "<group>"; };
		1353D56E1B42D4F300704003 /* GGRealTimeMontior.h */ = {isa = PBXFileReference; fileEncoding = 4; lastKnownFileType = sourcecode.c.h; path = GGRealTimeMontior.h; sourceTree = "<group>"; };
		1353D56F1B42D4F300704003 /* GGSharedLocation.h */ = {isa = PBXFileReference; fileEncoding = 4; lastKnownFileType = sourcecode.c.h; path = GGSharedLocation.h; sourceTree = "<group>"; };
		1353D5701B42D4F300704003 /* GGTrackerManager.h */ = {isa = PBXFileReference; fileEncoding = 4; lastKnownFileType = sourcecode.c.h; path = GGTrackerManager.h; sourceTree = "<group>"; };
		1353D5711B42D4F300704003 /* SocketIO.h */ = {isa = PBXFileReference; fileEncoding = 4; lastKnownFileType = sourcecode.c.h; path = SocketIO.h; sourceTree = "<group>"; };
		1353D5721B42D4F300704003 /* SocketIOJSONSerialization.h */ = {isa = PBXFileReference; fileEncoding = 4; lastKnownFileType = sourcecode.c.h; path = SocketIOJSONSerialization.h; sourceTree = "<group>"; };
		1353D5731B42D4F300704003 /* SocketIOPacket.h */ = {isa = PBXFileReference; fileEncoding = 4; lastKnownFileType = sourcecode.c.h; path = SocketIOPacket.h; sourceTree = "<group>"; };
		1353D5741B42D4F300704003 /* SocketIOTransport.h */ = {isa = PBXFileReference; fileEncoding = 4; lastKnownFileType = sourcecode.c.h; path = SocketIOTransport.h; sourceTree = "<group>"; };
		1353D5751B42D4F300704003 /* SocketIOTransportWebsocket.h */ = {isa = PBXFileReference; fileEncoding = 4; lastKnownFileType = sourcecode.c.h; path = SocketIOTransportWebsocket.h; sourceTree = "<group>"; };
		1353D5761B42D4F300704003 /* SocketIOTransportXHR.h */ = {isa = PBXFileReference; fileEncoding = 4; lastKnownFileType = sourcecode.c.h; path = SocketIOTransportXHR.h; sourceTree = "<group>"; };
		1353D5781B42D4F300704003 /* libBringgTracking.a */ = {isa = PBXFileReference; lastKnownFileType = archive.ar; path = libBringgTracking.a; sourceTree = "<group>"; };
		139AA5211B42BD3800E95ED3 /* AddOrderViewController.h */ = {isa = PBXFileReference; fileEncoding = 4; lastKnownFileType = sourcecode.c.h; path = AddOrderViewController.h; sourceTree = "<group>"; };
		139AA5221B42BD3800E95ED3 /* AddOrderViewController.m */ = {isa = PBXFileReference; fileEncoding = 4; lastKnownFileType = sourcecode.c.objc; path = AddOrderViewController.m; sourceTree = "<group>"; };
		A913A4861A41CFF80002AE32 /* BringgTrackingSDKDemo.app */ = {isa = PBXFileReference; explicitFileType = wrapper.application; includeInIndex = 0; path = BringgTrackingSDKDemo.app; sourceTree = BUILT_PRODUCTS_DIR; };
		A913A48A1A41CFF80002AE32 /* Info.plist */ = {isa = PBXFileReference; lastKnownFileType = text.plist.xml; path = Info.plist; sourceTree = "<group>"; };
		A913A48B1A41CFF90002AE32 /* main.m */ = {isa = PBXFileReference; lastKnownFileType = sourcecode.c.objc; path = main.m; sourceTree = "<group>"; };
		A913A48D1A41CFF90002AE32 /* AppDelegate.h */ = {isa = PBXFileReference; lastKnownFileType = sourcecode.c.h; path = AppDelegate.h; sourceTree = "<group>"; };
		A913A48E1A41CFF90002AE32 /* AppDelegate.m */ = {isa = PBXFileReference; lastKnownFileType = sourcecode.c.objc; path = AppDelegate.m; sourceTree = "<group>"; };
		A913A4901A41CFF90002AE32 /* MainViewController.h */ = {isa = PBXFileReference; lastKnownFileType = sourcecode.c.h; path = MainViewController.h; sourceTree = "<group>"; };
		A913A4911A41CFF90002AE32 /* MainViewController.m */ = {isa = PBXFileReference; lastKnownFileType = sourcecode.c.objc; path = MainViewController.m; sourceTree = "<group>"; };
		A913A4941A41CFF90002AE32 /* Base */ = {isa = PBXFileReference; lastKnownFileType = file.storyboard; name = Base; path = Base.lproj/Main.storyboard; sourceTree = "<group>"; };
		A913A4961A41CFF90002AE32 /* Images.xcassets */ = {isa = PBXFileReference; lastKnownFileType = folder.assetcatalog; path = Images.xcassets; sourceTree = "<group>"; };
		A913A4991A41CFF90002AE32 /* Base */ = {isa = PBXFileReference; lastKnownFileType = file.xib; name = Base; path = Base.lproj/LaunchScreen.xib; sourceTree = "<group>"; };
		A913A49F1A41CFF90002AE32 /* BringgTrackingSDKDemoTests.xctest */ = {isa = PBXFileReference; explicitFileType = wrapper.cfbundle; includeInIndex = 0; path = BringgTrackingSDKDemoTests.xctest; sourceTree = BUILT_PRODUCTS_DIR; };
		A913A4A41A41CFF90002AE32 /* Info.plist */ = {isa = PBXFileReference; lastKnownFileType = text.plist.xml; path = Info.plist; sourceTree = "<group>"; };
		A913A4A51A41CFF90002AE32 /* BringgTrackingSDKDemoTests.m */ = {isa = PBXFileReference; lastKnownFileType = sourcecode.c.objc; path = BringgTrackingSDKDemoTests.m; sourceTree = "<group>"; };
		A99163F41A5165A5008BADCD /* SystemConfiguration.framework */ = {isa = PBXFileReference; lastKnownFileType = wrapper.framework; name = SystemConfiguration.framework; path = System/Library/Frameworks/SystemConfiguration.framework; sourceTree = SDKROOT; };
		A9A2F70F1AADB0F1003038E8 /* MobileCoreServices.framework */ = {isa = PBXFileReference; lastKnownFileType = wrapper.framework; name = MobileCoreServices.framework; path = System/Library/Frameworks/MobileCoreServices.framework; sourceTree = SDKROOT; };
		A9A94B841A42F272006C5A58 /* Foundation.framework */ = {isa = PBXFileReference; lastKnownFileType = wrapper.framework; name = Foundation.framework; path = System/Library/Frameworks/Foundation.framework; sourceTree = SDKROOT; };
		A9A94B861A42F279006C5A58 /* Security.framework */ = {isa = PBXFileReference; lastKnownFileType = wrapper.framework; name = Security.framework; path = System/Library/Frameworks/Security.framework; sourceTree = SDKROOT; };
		A9A94B881A42F284006C5A58 /* CFNetwork.framework */ = {isa = PBXFileReference; lastKnownFileType = wrapper.framework; name = CFNetwork.framework; path = System/Library/Frameworks/CFNetwork.framework; sourceTree = SDKROOT; };
		A9A94B8A1A42F295006C5A58 /* libicucore.dylib */ = {isa = PBXFileReference; lastKnownFileType = "compiled.mach-o.dylib"; name = libicucore.dylib; path = usr/lib/libicucore.dylib; sourceTree = SDKROOT; };
/* End PBXFileReference section */

/* Begin PBXFrameworksBuildPhase section */
		A913A4831A41CFF80002AE32 /* Frameworks */ = {
			isa = PBXFrameworksBuildPhase;
			buildActionMask = 2147483647;
			files = (
				A9A2F7101AADB0F1003038E8 /* MobileCoreServices.framework in Frameworks */,
				A99163F51A5165A5008BADCD /* SystemConfiguration.framework in Frameworks */,
				A9E71BBC1A4304A3000BA846 /* libicucore.dylib in Frameworks */,
				A9E71BBD1A4304A8000BA846 /* CFNetwork.framework in Frameworks */,
				A9E71BBE1A4304AA000BA846 /* Security.framework in Frameworks */,
				A9E71BBF1A4304AE000BA846 /* Foundation.framework in Frameworks */,
				1353D57A1B42D57E00704003 /* libBringgTracking.a in Frameworks */,
			);
			runOnlyForDeploymentPostprocessing = 0;
		};
		A913A49C1A41CFF90002AE32 /* Frameworks */ = {
			isa = PBXFrameworksBuildPhase;
			buildActionMask = 2147483647;
			files = (
			);
			runOnlyForDeploymentPostprocessing = 0;
		};
/* End PBXFrameworksBuildPhase section */

/* Begin PBXGroup section */
		1353D5621B42D4F300704003 /* framework */ = {
			isa = PBXGroup;
			children = (
				1353D5631B42D4F300704003 /* include */,
				1353D5771B42D4F300704003 /* lib */,
			);
			path = framework;
			sourceTree = "<group>";
		};
		1353D5631B42D4F300704003 /* include */ = {
			isa = PBXGroup;
			children = (
				130CA55E1BF0D9CA002C26F7 /* GGBringgUtils.h */,
				130CA55F1BF0D9CA002C26F7 /* GGWaypoint.h */,
				130CA5601BF0D9CA002C26F7 /* SRWebSocket.h */,
				1353D5651B42D4F300704003 /* BringgGlobals.h */,
				1353D5681B42D4F300704003 /* GGCustomer.h */,
				1353D5691B42D4F300704003 /* GGDriver.h */,
				1353D56A1B42D4F300704003 /* GGHTTPClientManager.h */,
				1353D56B1B42D4F300704003 /* GGOrder.h */,
				1353D56C1B42D4F300704003 /* GGOrderBuilder.h */,
				1353D56D1B42D4F300704003 /* GGRating.h */,
				1353D56E1B42D4F300704003 /* GGRealTimeMontior.h */,
				1353D56F1B42D4F300704003 /* GGSharedLocation.h */,
				1353D5701B42D4F300704003 /* GGTrackerManager.h */,
				1353D5711B42D4F300704003 /* SocketIO.h */,
				1353D5721B42D4F300704003 /* SocketIOJSONSerialization.h */,
				1353D5731B42D4F300704003 /* SocketIOPacket.h */,
				1353D5741B42D4F300704003 /* SocketIOTransport.h */,
				1353D5751B42D4F300704003 /* SocketIOTransportWebsocket.h */,
				1353D5761B42D4F300704003 /* SocketIOTransportXHR.h */,
			);
			path = include;
			sourceTree = "<group>";
		};
		1353D5771B42D4F300704003 /* lib */ = {
			isa = PBXGroup;
			children = (
				1353D5781B42D4F300704003 /* libBringgTracking.a */,
			);
			path = lib;
			sourceTree = "<group>";
		};
		A913A47D1A41CFF80002AE32 = {
			isa = PBXGroup;
			children = (
				A9A2F70F1AADB0F1003038E8 /* MobileCoreServices.framework */,
				A99163F41A5165A5008BADCD /* SystemConfiguration.framework */,
				A9A94B8A1A42F295006C5A58 /* libicucore.dylib */,
				A9A94B881A42F284006C5A58 /* CFNetwork.framework */,
				A9A94B861A42F279006C5A58 /* Security.framework */,
				A9A94B841A42F272006C5A58 /* Foundation.framework */,
				A913A4881A41CFF80002AE32 /* BringgTrackingSDKDemo */,
				A913A4A21A41CFF90002AE32 /* BringgTrackingSDKDemoTests */,
				A913A4871A41CFF80002AE32 /* Products */,
			);
			sourceTree = "<group>";
		};
		A913A4871A41CFF80002AE32 /* Products */ = {
			isa = PBXGroup;
			children = (
				A913A4861A41CFF80002AE32 /* BringgTrackingSDKDemo.app */,
				A913A49F1A41CFF90002AE32 /* BringgTrackingSDKDemoTests.xctest */,
			);
			name = Products;
			sourceTree = "<group>";
		};
		A913A4881A41CFF80002AE32 /* BringgTrackingSDKDemo */ = {
			isa = PBXGroup;
			children = (
				A913A48D1A41CFF90002AE32 /* AppDelegate.h */,
				A913A48E1A41CFF90002AE32 /* AppDelegate.m */,
				A913A4901A41CFF90002AE32 /* MainViewController.h */,
				A913A4911A41CFF90002AE32 /* MainViewController.m */,
				1353D5621B42D4F300704003 /* framework */,
				139AA5211B42BD3800E95ED3 /* AddOrderViewController.h */,
				139AA5221B42BD3800E95ED3 /* AddOrderViewController.m */,
				A913A4931A41CFF90002AE32 /* Main.storyboard */,
				A913A4961A41CFF90002AE32 /* Images.xcassets */,
				A913A4981A41CFF90002AE32 /* LaunchScreen.xib */,
				A913A4891A41CFF80002AE32 /* Supporting Files */,
			);
			path = BringgTrackingSDKDemo;
			sourceTree = "<group>";
		};
		A913A4891A41CFF80002AE32 /* Supporting Files */ = {
			isa = PBXGroup;
			children = (
				A913A48A1A41CFF80002AE32 /* Info.plist */,
				A913A48B1A41CFF90002AE32 /* main.m */,
			);
			name = "Supporting Files";
			sourceTree = "<group>";
		};
		A913A4A21A41CFF90002AE32 /* BringgTrackingSDKDemoTests */ = {
			isa = PBXGroup;
			children = (
				A913A4A51A41CFF90002AE32 /* BringgTrackingSDKDemoTests.m */,
				A913A4A31A41CFF90002AE32 /* Supporting Files */,
			);
			path = BringgTrackingSDKDemoTests;
			sourceTree = "<group>";
		};
		A913A4A31A41CFF90002AE32 /* Supporting Files */ = {
			isa = PBXGroup;
			children = (
				A913A4A41A41CFF90002AE32 /* Info.plist */,
			);
			name = "Supporting Files";
			sourceTree = "<group>";
		};
/* End PBXGroup section */

/* Begin PBXNativeTarget section */
		A913A4851A41CFF80002AE32 /* BringgTrackingSDKDemo */ = {
			isa = PBXNativeTarget;
			buildConfigurationList = A913A4A91A41CFF90002AE32 /* Build configuration list for PBXNativeTarget "BringgTrackingSDKDemo" */;
			buildPhases = (
				A913A4821A41CFF80002AE32 /* Sources */,
				A913A4831A41CFF80002AE32 /* Frameworks */,
				A913A4841A41CFF80002AE32 /* Resources */,
				A91923C21A42E9DA004CBA0E /* Embed Frameworks */,
			);
			buildRules = (
			);
			dependencies = (
			);
			name = BringgTrackingSDKDemo;
			productName = BringgTrackingSDKDemo;
			productReference = A913A4861A41CFF80002AE32 /* BringgTrackingSDKDemo.app */;
			productType = "com.apple.product-type.application";
		};
		A913A49E1A41CFF90002AE32 /* BringgTrackingSDKDemoTests */ = {
			isa = PBXNativeTarget;
			buildConfigurationList = A913A4AC1A41CFF90002AE32 /* Build configuration list for PBXNativeTarget "BringgTrackingSDKDemoTests" */;
			buildPhases = (
				A913A49B1A41CFF90002AE32 /* Sources */,
				A913A49C1A41CFF90002AE32 /* Frameworks */,
				A913A49D1A41CFF90002AE32 /* Resources */,
			);
			buildRules = (
			);
			dependencies = (
				A913A4A11A41CFF90002AE32 /* PBXTargetDependency */,
			);
			name = BringgTrackingSDKDemoTests;
			productName = BringgTrackingSDKDemoTests;
			productReference = A913A49F1A41CFF90002AE32 /* BringgTrackingSDKDemoTests.xctest */;
			productType = "com.apple.product-type.bundle.unit-test";
		};
/* End PBXNativeTarget section */

/* Begin PBXProject section */
		A913A47E1A41CFF80002AE32 /* Project object */ = {
			isa = PBXProject;
			attributes = {
				LastUpgradeCheck = 0700;
				ORGANIZATIONNAME = "Matan Poreh";
				TargetAttributes = {
					A913A4851A41CFF80002AE32 = {
						CreatedOnToolsVersion = 6.1;
						DevelopmentTeam = CKS8FLBEB2;
					};
					A913A49E1A41CFF90002AE32 = {
						CreatedOnToolsVersion = 6.1;
						TestTargetID = A913A4851A41CFF80002AE32;
					};
				};
			};
			buildConfigurationList = A913A4811A41CFF80002AE32 /* Build configuration list for PBXProject "BringgTrackingSDKDemo" */;
			compatibilityVersion = "Xcode 3.2";
			developmentRegion = English;
			hasScannedForEncodings = 0;
			knownRegions = (
				en,
				Base,
			);
			mainGroup = A913A47D1A41CFF80002AE32;
			productRefGroup = A913A4871A41CFF80002AE32 /* Products */;
			projectDirPath = "";
			projectRoot = "";
			targets = (
				A913A4851A41CFF80002AE32 /* BringgTrackingSDKDemo */,
				A913A49E1A41CFF90002AE32 /* BringgTrackingSDKDemoTests */,
			);
		};
/* End PBXProject section */

/* Begin PBXResourcesBuildPhase section */
		A913A4841A41CFF80002AE32 /* Resources */ = {
			isa = PBXResourcesBuildPhase;
			buildActionMask = 2147483647;
			files = (
				A913A4951A41CFF90002AE32 /* Main.storyboard in Resources */,
				A913A49A1A41CFF90002AE32 /* LaunchScreen.xib in Resources */,
				A913A4971A41CFF90002AE32 /* Images.xcassets in Resources */,
			);
			runOnlyForDeploymentPostprocessing = 0;
		};
		A913A49D1A41CFF90002AE32 /* Resources */ = {
			isa = PBXResourcesBuildPhase;
			buildActionMask = 2147483647;
			files = (
			);
			runOnlyForDeploymentPostprocessing = 0;
		};
/* End PBXResourcesBuildPhase section */

/* Begin PBXSourcesBuildPhase section */
		A913A4821A41CFF80002AE32 /* Sources */ = {
			isa = PBXSourcesBuildPhase;
			buildActionMask = 2147483647;
			files = (
				A913A4921A41CFF90002AE32 /* MainViewController.m in Sources */,
				A913A48F1A41CFF90002AE32 /* AppDelegate.m in Sources */,
				A913A48C1A41CFF90002AE32 /* main.m in Sources */,
				139AA5231B42BD3800E95ED3 /* AddOrderViewController.m in Sources */,
			);
			runOnlyForDeploymentPostprocessing = 0;
		};
		A913A49B1A41CFF90002AE32 /* Sources */ = {
			isa = PBXSourcesBuildPhase;
			buildActionMask = 2147483647;
			files = (
				A913A4A61A41CFF90002AE32 /* BringgTrackingSDKDemoTests.m in Sources */,
			);
			runOnlyForDeploymentPostprocessing = 0;
		};
/* End PBXSourcesBuildPhase section */

/* Begin PBXTargetDependency section */
		A913A4A11A41CFF90002AE32 /* PBXTargetDependency */ = {
			isa = PBXTargetDependency;
			target = A913A4851A41CFF80002AE32 /* BringgTrackingSDKDemo */;
			targetProxy = A913A4A01A41CFF90002AE32 /* PBXContainerItemProxy */;
		};
/* End PBXTargetDependency section */

/* Begin PBXVariantGroup section */
		A913A4931A41CFF90002AE32 /* Main.storyboard */ = {
			isa = PBXVariantGroup;
			children = (
				A913A4941A41CFF90002AE32 /* Base */,
			);
			name = Main.storyboard;
			sourceTree = "<group>";
		};
		A913A4981A41CFF90002AE32 /* LaunchScreen.xib */ = {
			isa = PBXVariantGroup;
			children = (
				A913A4991A41CFF90002AE32 /* Base */,
			);
			name = LaunchScreen.xib;
			sourceTree = "<group>";
		};
/* End PBXVariantGroup section */

/* Begin XCBuildConfiguration section */
		A913A4A71A41CFF90002AE32 /* Debug */ = {
			isa = XCBuildConfiguration;
			buildSettings = {
				ALWAYS_SEARCH_USER_PATHS = NO;
				CLANG_CXX_LANGUAGE_STANDARD = "gnu++0x";
				CLANG_CXX_LIBRARY = "libc++";
				CLANG_ENABLE_MODULES = YES;
				CLANG_ENABLE_OBJC_ARC = YES;
				CLANG_WARN_BOOL_CONVERSION = YES;
				CLANG_WARN_CONSTANT_CONVERSION = YES;
				CLANG_WARN_DIRECT_OBJC_ISA_USAGE = YES_ERROR;
				CLANG_WARN_EMPTY_BODY = YES;
				CLANG_WARN_ENUM_CONVERSION = YES;
				CLANG_WARN_INT_CONVERSION = YES;
				CLANG_WARN_OBJC_ROOT_CLASS = YES_ERROR;
				CLANG_WARN_UNREACHABLE_CODE = YES;
				CLANG_WARN__DUPLICATE_METHOD_MATCH = YES;
				"CODE_SIGN_IDENTITY[sdk=iphoneos*]" = "iPhone Developer";
				COPY_PHASE_STRIP = NO;
				ENABLE_STRICT_OBJC_MSGSEND = YES;
				ENABLE_TESTABILITY = YES;
				GCC_C_LANGUAGE_STANDARD = gnu99;
				GCC_DYNAMIC_NO_PIC = NO;
				GCC_OPTIMIZATION_LEVEL = 0;
				GCC_PREPROCESSOR_DEFINITIONS = (
					"DEBUG=1",
					"$(inherited)",
				);
				GCC_SYMBOLS_PRIVATE_EXTERN = NO;
				GCC_WARN_64_TO_32_BIT_CONVERSION = YES;
				GCC_WARN_ABOUT_RETURN_TYPE = YES_ERROR;
				GCC_WARN_UNDECLARED_SELECTOR = YES;
				GCC_WARN_UNINITIALIZED_AUTOS = YES_AGGRESSIVE;
				GCC_WARN_UNUSED_FUNCTION = YES;
				GCC_WARN_UNUSED_VARIABLE = YES;
				IPHONEOS_DEPLOYMENT_TARGET = 8.1;
				MTL_ENABLE_DEBUG_INFO = YES;
				ONLY_ACTIVE_ARCH = YES;
				SDKROOT = iphoneos;
			};
			name = Debug;
		};
		A913A4A81A41CFF90002AE32 /* Release */ = {
			isa = XCBuildConfiguration;
			buildSettings = {
				ALWAYS_SEARCH_USER_PATHS = NO;
				CLANG_CXX_LANGUAGE_STANDARD = "gnu++0x";
				CLANG_CXX_LIBRARY = "libc++";
				CLANG_ENABLE_MODULES = YES;
				CLANG_ENABLE_OBJC_ARC = YES;
				CLANG_WARN_BOOL_CONVERSION = YES;
				CLANG_WARN_CONSTANT_CONVERSION = YES;
				CLANG_WARN_DIRECT_OBJC_ISA_USAGE = YES_ERROR;
				CLANG_WARN_EMPTY_BODY = YES;
				CLANG_WARN_ENUM_CONVERSION = YES;
				CLANG_WARN_INT_CONVERSION = YES;
				CLANG_WARN_OBJC_ROOT_CLASS = YES_ERROR;
				CLANG_WARN_UNREACHABLE_CODE = YES;
				CLANG_WARN__DUPLICATE_METHOD_MATCH = YES;
				"CODE_SIGN_IDENTITY[sdk=iphoneos*]" = "iPhone Developer";
				COPY_PHASE_STRIP = YES;
				ENABLE_NS_ASSERTIONS = NO;
				ENABLE_STRICT_OBJC_MSGSEND = YES;
				GCC_C_LANGUAGE_STANDARD = gnu99;
				GCC_WARN_64_TO_32_BIT_CONVERSION = YES;
				GCC_WARN_ABOUT_RETURN_TYPE = YES_ERROR;
				GCC_WARN_UNDECLARED_SELECTOR = YES;
				GCC_WARN_UNINITIALIZED_AUTOS = YES_AGGRESSIVE;
				GCC_WARN_UNUSED_FUNCTION = YES;
				GCC_WARN_UNUSED_VARIABLE = YES;
				IPHONEOS_DEPLOYMENT_TARGET = 8.1;
				MTL_ENABLE_DEBUG_INFO = NO;
				SDKROOT = iphoneos;
				VALIDATE_PRODUCT = YES;
			};
			name = Release;
		};
		A913A4AA1A41CFF90002AE32 /* Debug */ = {
			isa = XCBuildConfiguration;
			buildSettings = {
				ALWAYS_SEARCH_USER_PATHS = NO;
				ASSETCATALOG_COMPILER_APPICON_NAME = AppIcon;
				CODE_SIGN_IDENTITY = "iPhone Developer";
				FRAMEWORK_SEARCH_PATHS = "$(inherited)";
				HEADER_SEARCH_PATHS = "$(PROJECT_DIR)/BringgTrackingSDKDemo/framework/include/";
				INFOPLIST_FILE = BringgTrackingSDKDemo/Info.plist;
				IPHONEOS_DEPLOYMENT_TARGET = 7.1;
				LD_RUNPATH_SEARCH_PATHS = "$(inherited) @executable_path/Frameworks";
				LIBRARY_SEARCH_PATHS = (
					"$(inherited)",
					"$(PROJECT_DIR)/BringgTrackingSDKDemo/framework/lib/",
				);
				OTHER_LDFLAGS = "-ObjC";
				PRODUCT_BUNDLE_IDENTIFIER = "com.bringg.$(PRODUCT_NAME:rfc1034identifier)";
				PRODUCT_NAME = "$(TARGET_NAME)";
				USER_HEADER_SEARCH_PATHS = "";
			};
			name = Debug;
		};
		A913A4AB1A41CFF90002AE32 /* Release */ = {
			isa = XCBuildConfiguration;
			buildSettings = {
				ALWAYS_SEARCH_USER_PATHS = NO;
				ASSETCATALOG_COMPILER_APPICON_NAME = AppIcon;
				CODE_SIGN_IDENTITY = "iPhone Developer";
				FRAMEWORK_SEARCH_PATHS = "$(inherited)";
				HEADER_SEARCH_PATHS = "$(PROJECT_DIR)/BringgTrackingSDKDemo/framework/include/";
				INFOPLIST_FILE = BringgTrackingSDKDemo/Info.plist;
				IPHONEOS_DEPLOYMENT_TARGET = 7.1;
				LD_RUNPATH_SEARCH_PATHS = "$(inherited) @executable_path/Frameworks";
				LIBRARY_SEARCH_PATHS = (
					"$(inherited)",
					"$(PROJECT_DIR)/BringgTrackingSDKDemo/framework/lib/",
				);
				OTHER_LDFLAGS = "-ObjC";
				PRODUCT_BUNDLE_IDENTIFIER = "com.bringg.$(PRODUCT_NAME:rfc1034identifier)";
				PRODUCT_NAME = "$(TARGET_NAME)";
				USER_HEADER_SEARCH_PATHS = "";
			};
			name = Release;
		};
		A913A4AD1A41CFF90002AE32 /* Debug */ = {
			isa = XCBuildConfiguration;
			buildSettings = {
				BUNDLE_LOADER = "$(TEST_HOST)";
				FRAMEWORK_SEARCH_PATHS = (
					"$(SDKROOT)/Developer/Library/Frameworks",
					"$(inherited)",
				);
				GCC_PREPROCESSOR_DEFINITIONS = (
					"DEBUG=1",
					"$(inherited)",
				);
				INFOPLIST_FILE = BringgTrackingSDKDemoTests/Info.plist;
				LD_RUNPATH_SEARCH_PATHS = "$(inherited) @executable_path/Frameworks @loader_path/Frameworks";
				PRODUCT_BUNDLE_IDENTIFIER = "com.bringg.$(PRODUCT_NAME:rfc1034identifier)";
				PRODUCT_NAME = "$(TARGET_NAME)";
				TEST_HOST = "$(BUILT_PRODUCTS_DIR)/BringgTrackingSDKDemo.app/BringgTrackingSDKDemo";
			};
			name = Debug;
		};
		A913A4AE1A41CFF90002AE32 /* Release */ = {
			isa = XCBuildConfiguration;
			buildSettings = {
				BUNDLE_LOADER = "$(TEST_HOST)";
				FRAMEWORK_SEARCH_PATHS = (
					"$(SDKROOT)/Developer/Library/Frameworks",
					"$(inherited)",
				);
				INFOPLIST_FILE = BringgTrackingSDKDemoTests/Info.plist;
				LD_RUNPATH_SEARCH_PATHS = "$(inherited) @executable_path/Frameworks @loader_path/Frameworks";
				PRODUCT_BUNDLE_IDENTIFIER = "com.bringg.$(PRODUCT_NAME:rfc1034identifier)";
				PRODUCT_NAME = "$(TARGET_NAME)";
				TEST_HOST = "$(BUILT_PRODUCTS_DIR)/BringgTrackingSDKDemo.app/BringgTrackingSDKDemo";
			};
			name = Release;
		};
/* End XCBuildConfiguration section */

/* Begin XCConfigurationList section */
		A913A4811A41CFF80002AE32 /* Build configuration list for PBXProject "BringgTrackingSDKDemo" */ = {
			isa = XCConfigurationList;
			buildConfigurations = (
				A913A4A71A41CFF90002AE32 /* Debug */,
				A913A4A81A41CFF90002AE32 /* Release */,
			);
			defaultConfigurationIsVisible = 0;
			defaultConfigurationName = Release;
		};
		A913A4A91A41CFF90002AE32 /* Build configuration list for PBXNativeTarget "BringgTrackingSDKDemo" */ = {
			isa = XCConfigurationList;
			buildConfigurations = (
				A913A4AA1A41CFF90002AE32 /* Debug */,
				A913A4AB1A41CFF90002AE32 /* Release */,
			);
			defaultConfigurationIsVisible = 0;
			defaultConfigurationName = Release;
		};
		A913A4AC1A41CFF90002AE32 /* Build configuration list for PBXNativeTarget "BringgTrackingSDKDemoTests" */ = {
			isa = XCConfigurationList;
			buildConfigurations = (
				A913A4AD1A41CFF90002AE32 /* Debug */,
				A913A4AE1A41CFF90002AE32 /* Release */,
			);
			defaultConfigurationIsVisible = 0;
			defaultConfigurationName = Release;
		};
/* End XCConfigurationList section */
	};
	rootObject = A913A47E1A41CFF80002AE32 /* Project object */;
}
