// !$*UTF8*$!
{
	archiveVersion = 1;
	classes = {
	};
	objectVersion = 46;
	objects = {

/* Begin PBXBuildFile section */
		132C006F32FEDD49ACFCF514 /* Pods_BringgTrackingSDKDemo.framework in Frameworks */ = {isa = PBXBuildFile; fileRef = 98C34FFCD5B19CA7CB933C2B /* Pods_BringgTrackingSDKDemo.framework */; };
		13E771B31D757416004A33A3 /* BringgTracking.framework in Frameworks */ = {isa = PBXBuildFile; fileRef = 13E771B21D757416004A33A3 /* BringgTracking.framework */; };
		13E771B51D75742B004A33A3 /* BringgTracking.framework in Embed Frameworks */ = {isa = PBXBuildFile; fileRef = 13E771B21D757416004A33A3 /* BringgTracking.framework */; settings = {ATTRIBUTES = (CodeSignOnCopy, RemoveHeadersOnCopy, ); }; };
		A913A48C1A41CFF90002AE32 /* main.m in Sources */ = {isa = PBXBuildFile; fileRef = A913A48B1A41CFF90002AE32 /* main.m */; };
		A913A48F1A41CFF90002AE32 /* AppDelegate.m in Sources */ = {isa = PBXBuildFile; fileRef = A913A48E1A41CFF90002AE32 /* AppDelegate.m */; };
		A913A4921A41CFF90002AE32 /* MainViewController.m in Sources */ = {isa = PBXBuildFile; fileRef = A913A4911A41CFF90002AE32 /* MainViewController.m */; };
		A913A4951A41CFF90002AE32 /* Main.storyboard in Resources */ = {isa = PBXBuildFile; fileRef = A913A4931A41CFF90002AE32 /* Main.storyboard */; };
		A913A4971A41CFF90002AE32 /* Images.xcassets in Resources */ = {isa = PBXBuildFile; fileRef = A913A4961A41CFF90002AE32 /* Images.xcassets */; };
		A913A49A1A41CFF90002AE32 /* LaunchScreen.xib in Resources */ = {isa = PBXBuildFile; fileRef = A913A4981A41CFF90002AE32 /* LaunchScreen.xib */; };
		A913A4A61A41CFF90002AE32 /* BringgTrackingSDKDemoTests.m in Sources */ = {isa = PBXBuildFile; fileRef = A913A4A51A41CFF90002AE32 /* BringgTrackingSDKDemoTests.m */; };
		A99163F51A5165A5008BADCD /* SystemConfiguration.framework in Frameworks */ = {isa = PBXBuildFile; fileRef = A99163F41A5165A5008BADCD /* SystemConfiguration.framework */; };
		A9A2F7101AADB0F1003038E8 /* MobileCoreServices.framework in Frameworks */ = {isa = PBXBuildFile; fileRef = A9A2F70F1AADB0F1003038E8 /* MobileCoreServices.framework */; };
		A9E71BBC1A4304A3000BA846 /* libicucore.dylib in Frameworks */ = {isa = PBXBuildFile; fileRef = A9A94B8A1A42F295006C5A58 /* libicucore.dylib */; };
		A9E71BBD1A4304A8000BA846 /* CFNetwork.framework in Frameworks */ = {isa = PBXBuildFile; fileRef = A9A94B881A42F284006C5A58 /* CFNetwork.framework */; };
		A9E71BBE1A4304AA000BA846 /* Security.framework in Frameworks */ = {isa = PBXBuildFile; fileRef = A9A94B861A42F279006C5A58 /* Security.framework */; };
		A9E71BBF1A4304AE000BA846 /* Foundation.framework in Frameworks */ = {isa = PBXBuildFile; fileRef = A9A94B841A42F272006C5A58 /* Foundation.framework */; };
/* End PBXBuildFile section */

/* Begin PBXContainerItemProxy section */
		A913A4A01A41CFF90002AE32 /* PBXContainerItemProxy */ = {
			isa = PBXContainerItemProxy;
			containerPortal = A913A47E1A41CFF80002AE32 /* Project object */;
			proxyType = 1;
			remoteGlobalIDString = A913A4851A41CFF80002AE32;
			remoteInfo = BringgTrackingSDKDemo;
		};
/* End PBXContainerItemProxy section */

/* Begin PBXCopyFilesBuildPhase section */
		A91923C21A42E9DA004CBA0E /* Embed Frameworks */ = {
			isa = PBXCopyFilesBuildPhase;
			buildActionMask = 2147483647;
			dstPath = "";
			dstSubfolderSpec = 10;
			files = (
				13E771B51D75742B004A33A3 /* BringgTracking.framework in Embed Frameworks */,
			);
			name = "Embed Frameworks";
			runOnlyForDeploymentPostprocessing = 0;
		};
/* End PBXCopyFilesBuildPhase section */

/* Begin PBXFileReference section */
		13E771B21D757416004A33A3 /* BringgTracking.framework */ = {isa = PBXFileReference; lastKnownFileType = wrapper.framework; name = BringgTracking.framework; path = BringgTrackingSDKDemo/BringgTracking.framework; sourceTree = "<group>"; };
		98C34FFCD5B19CA7CB933C2B /* Pods_BringgTrackingSDKDemo.framework */ = {isa = PBXFileReference; explicitFileType = wrapper.framework; includeInIndex = 0; path = Pods_BringgTrackingSDKDemo.framework; sourceTree = BUILT_PRODUCTS_DIR; };
		A913A4861A41CFF80002AE32 /* BringgTrackingSDKDemo.app */ = {isa = PBXFileReference; explicitFileType = wrapper.application; includeInIndex = 0; path = BringgTrackingSDKDemo.app; sourceTree = BUILT_PRODUCTS_DIR; };
		A913A48A1A41CFF80002AE32 /* Info.plist */ = {isa = PBXFileReference; lastKnownFileType = text.plist.xml; path = Info.plist; sourceTree = "<group>"; };
		A913A48B1A41CFF90002AE32 /* main.m */ = {isa = PBXFileReference; lastKnownFileType = sourcecode.c.objc; path = main.m; sourceTree = "<group>"; };
		A913A48D1A41CFF90002AE32 /* AppDelegate.h */ = {isa = PBXFileReference; lastKnownFileType = sourcecode.c.h; path = AppDelegate.h; sourceTree = "<group>"; };
		A913A48E1A41CFF90002AE32 /* AppDelegate.m */ = {isa = PBXFileReference; lastKnownFileType = sourcecode.c.objc; path = AppDelegate.m; sourceTree = "<group>"; };
		A913A4901A41CFF90002AE32 /* MainViewController.h */ = {isa = PBXFileReference; lastKnownFileType = sourcecode.c.h; path = MainViewController.h; sourceTree = "<group>"; };
		A913A4911A41CFF90002AE32 /* MainViewController.m */ = {isa = PBXFileReference; lastKnownFileType = sourcecode.c.objc; path = MainViewController.m; sourceTree = "<group>"; };
		A913A4941A41CFF90002AE32 /* Base */ = {isa = PBXFileReference; lastKnownFileType = file.storyboard; name = Base; path = Base.lproj/Main.storyboard; sourceTree = "<group>"; };
		A913A4961A41CFF90002AE32 /* Images.xcassets */ = {isa = PBXFileReference; lastKnownFileType = folder.assetcatalog; path = Images.xcassets; sourceTree = "<group>"; };
		A913A4991A41CFF90002AE32 /* Base */ = {isa = PBXFileReference; lastKnownFileType = file.xib; name = Base; path = Base.lproj/LaunchScreen.xib; sourceTree = "<group>"; };
		A913A49F1A41CFF90002AE32 /* BringgTrackingSDKDemoTests.xctest */ = {isa = PBXFileReference; explicitFileType = wrapper.cfbundle; includeInIndex = 0; path = BringgTrackingSDKDemoTests.xctest; sourceTree = BUILT_PRODUCTS_DIR; };
		A913A4A41A41CFF90002AE32 /* Info.plist */ = {isa = PBXFileReference; lastKnownFileType = text.plist.xml; path = Info.plist; sourceTree = "<group>"; };
		A913A4A51A41CFF90002AE32 /* BringgTrackingSDKDemoTests.m */ = {isa = PBXFileReference; lastKnownFileType = sourcecode.c.objc; path = BringgTrackingSDKDemoTests.m; sourceTree = "<group>"; };
		A99163F41A5165A5008BADCD /* SystemConfiguration.framework */ = {isa = PBXFileReference; lastKnownFileType = wrapper.framework; name = SystemConfiguration.framework; path = System/Library/Frameworks/SystemConfiguration.framework; sourceTree = SDKROOT; };
		A9A2F70F1AADB0F1003038E8 /* MobileCoreServices.framework */ = {isa = PBXFileReference; lastKnownFileType = wrapper.framework; name = MobileCoreServices.framework; path = System/Library/Frameworks/MobileCoreServices.framework; sourceTree = SDKROOT; };
		A9A94B841A42F272006C5A58 /* Foundation.framework */ = {isa = PBXFileReference; lastKnownFileType = wrapper.framework; name = Foundation.framework; path = System/Library/Frameworks/Foundation.framework; sourceTree = SDKROOT; };
		A9A94B861A42F279006C5A58 /* Security.framework */ = {isa = PBXFileReference; lastKnownFileType = wrapper.framework; name = Security.framework; path = System/Library/Frameworks/Security.framework; sourceTree = SDKROOT; };
		A9A94B881A42F284006C5A58 /* CFNetwork.framework */ = {isa = PBXFileReference; lastKnownFileType = wrapper.framework; name = CFNetwork.framework; path = System/Library/Frameworks/CFNetwork.framework; sourceTree = SDKROOT; };
		A9A94B8A1A42F295006C5A58 /* libicucore.dylib */ = {isa = PBXFileReference; lastKnownFileType = "compiled.mach-o.dylib"; name = libicucore.dylib; path = usr/lib/libicucore.dylib; sourceTree = SDKROOT; };
		C19390AAF9BAFA23E8B5BCE1 /* Pods-BringgTrackingSDKDemo.release.xcconfig */ = {isa = PBXFileReference; includeInIndex = 1; lastKnownFileType = text.xcconfig; name = "Pods-BringgTrackingSDKDemo.release.xcconfig"; path = "Pods/Target Support Files/Pods-BringgTrackingSDKDemo/Pods-BringgTrackingSDKDemo.release.xcconfig"; sourceTree = "<group>"; };
		E7FE76C953F12186BE344A14 /* Pods-BringgTrackingSDKDemo.debug.xcconfig */ = {isa = PBXFileReference; includeInIndex = 1; lastKnownFileType = text.xcconfig; name = "Pods-BringgTrackingSDKDemo.debug.xcconfig"; path = "Pods/Target Support Files/Pods-BringgTrackingSDKDemo/Pods-BringgTrackingSDKDemo.debug.xcconfig"; sourceTree = "<group>"; };
/* End PBXFileReference section */

/* Begin PBXFrameworksBuildPhase section */
		A913A4831A41CFF80002AE32 /* Frameworks */ = {
			isa = PBXFrameworksBuildPhase;
			buildActionMask = 2147483647;
			files = (
				13E771B31D757416004A33A3 /* BringgTracking.framework in Frameworks */,
				A9A2F7101AADB0F1003038E8 /* MobileCoreServices.framework in Frameworks */,
				A99163F51A5165A5008BADCD /* SystemConfiguration.framework in Frameworks */,
				A9E71BBC1A4304A3000BA846 /* libicucore.dylib in Frameworks */,
				A9E71BBD1A4304A8000BA846 /* CFNetwork.framework in Frameworks */,
				A9E71BBE1A4304AA000BA846 /* Security.framework in Frameworks */,
				A9E71BBF1A4304AE000BA846 /* Foundation.framework in Frameworks */,
				132C006F32FEDD49ACFCF514 /* Pods_BringgTrackingSDKDemo.framework in Frameworks */,
			);
			runOnlyForDeploymentPostprocessing = 0;
		};
		A913A49C1A41CFF90002AE32 /* Frameworks */ = {
			isa = PBXFrameworksBuildPhase;
			buildActionMask = 2147483647;
			files = (
			);
			runOnlyForDeploymentPostprocessing = 0;
		};
/* End PBXFrameworksBuildPhase section */

/* Begin PBXGroup section */
		9625394B94F9C93A966A0627 /* Pods */ = {
			isa = PBXGroup;
			children = (
				E7FE76C953F12186BE344A14 /* Pods-BringgTrackingSDKDemo.debug.xcconfig */,
				C19390AAF9BAFA23E8B5BCE1 /* Pods-BringgTrackingSDKDemo.release.xcconfig */,
			);
			name = Pods;
			sourceTree = "<group>";
		};
		A913A47D1A41CFF80002AE32 = {
			isa = PBXGroup;
			children = (
				13E771B21D757416004A33A3 /* BringgTracking.framework */,
				A9A2F70F1AADB0F1003038E8 /* MobileCoreServices.framework */,
				A99163F41A5165A5008BADCD /* SystemConfiguration.framework */,
				A9A94B8A1A42F295006C5A58 /* libicucore.dylib */,
				A9A94B881A42F284006C5A58 /* CFNetwork.framework */,
				A9A94B861A42F279006C5A58 /* Security.framework */,
				A9A94B841A42F272006C5A58 /* Foundation.framework */,
				A913A4881A41CFF80002AE32 /* BringgTrackingSDKDemo */,
				A913A4A21A41CFF90002AE32 /* BringgTrackingSDKDemoTests */,
				A913A4871A41CFF80002AE32 /* Products */,
				9625394B94F9C93A966A0627 /* Pods */,
				DD7129AC70077ABFD2EBF47F /* Frameworks */,
			);
			sourceTree = "<group>";
		};
		A913A4871A41CFF80002AE32 /* Products */ = {
			isa = PBXGroup;
			children = (
				A913A4861A41CFF80002AE32 /* BringgTrackingSDKDemo.app */,
				A913A49F1A41CFF90002AE32 /* BringgTrackingSDKDemoTests.xctest */,
			);
			name = Products;
			sourceTree = "<group>";
		};
		A913A4881A41CFF80002AE32 /* BringgTrackingSDKDemo */ = {
			isa = PBXGroup;
			children = (
				A913A48D1A41CFF90002AE32 /* AppDelegate.h */,
				A913A48E1A41CFF90002AE32 /* AppDelegate.m */,
				A913A4901A41CFF90002AE32 /* MainViewController.h */,
				A913A4911A41CFF90002AE32 /* MainViewController.m */,
				A913A4931A41CFF90002AE32 /* Main.storyboard */,
				A913A4961A41CFF90002AE32 /* Images.xcassets */,
				A913A4981A41CFF90002AE32 /* LaunchScreen.xib */,
				A913A4891A41CFF80002AE32 /* Supporting Files */,
			);
			path = BringgTrackingSDKDemo;
			sourceTree = "<group>";
		};
		A913A4891A41CFF80002AE32 /* Supporting Files */ = {
			isa = PBXGroup;
			children = (
				A913A48A1A41CFF80002AE32 /* Info.plist */,
				A913A48B1A41CFF90002AE32 /* main.m */,
			);
			name = "Supporting Files";
			sourceTree = "<group>";
		};
		A913A4A21A41CFF90002AE32 /* BringgTrackingSDKDemoTests */ = {
			isa = PBXGroup;
			children = (
				A913A4A51A41CFF90002AE32 /* BringgTrackingSDKDemoTests.m */,
				A913A4A31A41CFF90002AE32 /* Supporting Files */,
			);
			path = BringgTrackingSDKDemoTests;
			sourceTree = "<group>";
		};
		A913A4A31A41CFF90002AE32 /* Supporting Files */ = {
			isa = PBXGroup;
			children = (
				A913A4A41A41CFF90002AE32 /* Info.plist */,
			);
			name = "Supporting Files";
			sourceTree = "<group>";
		};
		DD7129AC70077ABFD2EBF47F /* Frameworks */ = {
			isa = PBXGroup;
			children = (
				98C34FFCD5B19CA7CB933C2B /* Pods_BringgTrackingSDKDemo.framework */,
			);
			name = Frameworks;
			sourceTree = "<group>";
		};
/* End PBXGroup section */

/* Begin PBXNativeTarget section */
		A913A4851A41CFF80002AE32 /* BringgTrackingSDKDemo */ = {
			isa = PBXNativeTarget;
			buildConfigurationList = A913A4A91A41CFF90002AE32 /* Build configuration list for PBXNativeTarget "BringgTrackingSDKDemo" */;
			buildPhases = (
				66AA10682BC83C9B2B312851 /* [CP] Check Pods Manifest.lock */,
				A913A4821A41CFF80002AE32 /* Sources */,
				A913A4831A41CFF80002AE32 /* Frameworks */,
				A913A4841A41CFF80002AE32 /* Resources */,
				A91923C21A42E9DA004CBA0E /* Embed Frameworks */,
				22E808F4FFB3CC813B4B4237 /* [CP] Embed Pods Frameworks */,
				B335686477B728764F5916A0 /* [CP] Copy Pods Resources */,
			);
			buildRules = (
			);
			dependencies = (
			);
			name = BringgTrackingSDKDemo;
			productName = BringgTrackingSDKDemo;
			productReference = A913A4861A41CFF80002AE32 /* BringgTrackingSDKDemo.app */;
			productType = "com.apple.product-type.application";
		};
		A913A49E1A41CFF90002AE32 /* BringgTrackingSDKDemoTests */ = {
			isa = PBXNativeTarget;
			buildConfigurationList = A913A4AC1A41CFF90002AE32 /* Build configuration list for PBXNativeTarget "BringgTrackingSDKDemoTests" */;
			buildPhases = (
				A913A49B1A41CFF90002AE32 /* Sources */,
				A913A49C1A41CFF90002AE32 /* Frameworks */,
				A913A49D1A41CFF90002AE32 /* Resources */,
			);
			buildRules = (
			);
			dependencies = (
				A913A4A11A41CFF90002AE32 /* PBXTargetDependency */,
			);
			name = BringgTrackingSDKDemoTests;
			productName = BringgTrackingSDKDemoTests;
			productReference = A913A49F1A41CFF90002AE32 /* BringgTrackingSDKDemoTests.xctest */;
			productType = "com.apple.product-type.bundle.unit-test";
		};
/* End PBXNativeTarget section */

/* Begin PBXProject section */
		A913A47E1A41CFF80002AE32 /* Project object */ = {
			isa = PBXProject;
			attributes = {
				LastUpgradeCheck = 0700;
				ORGANIZATIONNAME = "Matan Poreh";
				TargetAttributes = {
					A913A4851A41CFF80002AE32 = {
						CreatedOnToolsVersion = 6.1;
						DevelopmentTeam = CKS8FLBEB2;
					};
					A913A49E1A41CFF90002AE32 = {
						CreatedOnToolsVersion = 6.1;
						TestTargetID = A913A4851A41CFF80002AE32;
					};
				};
			};
			buildConfigurationList = A913A4811A41CFF80002AE32 /* Build configuration list for PBXProject "BringgTrackingSDKDemo" */;
			compatibilityVersion = "Xcode 3.2";
			developmentRegion = English;
			hasScannedForEncodings = 0;
			knownRegions = (
				en,
				Base,
			);
			mainGroup = A913A47D1A41CFF80002AE32;
			productRefGroup = A913A4871A41CFF80002AE32 /* Products */;
			projectDirPath = "";
			projectRoot = "";
			targets = (
				A913A4851A41CFF80002AE32 /* BringgTrackingSDKDemo */,
				A913A49E1A41CFF90002AE32 /* BringgTrackingSDKDemoTests */,
			);
		};
/* End PBXProject section */

/* Begin PBXResourcesBuildPhase section */
		A913A4841A41CFF80002AE32 /* Resources */ = {
			isa = PBXResourcesBuildPhase;
			buildActionMask = 2147483647;
			files = (
				A913A4951A41CFF90002AE32 /* Main.storyboard in Resources */,
				A913A49A1A41CFF90002AE32 /* LaunchScreen.xib in Resources */,
				A913A4971A41CFF90002AE32 /* Images.xcassets in Resources */,
			);
			runOnlyForDeploymentPostprocessing = 0;
		};
		A913A49D1A41CFF90002AE32 /* Resources */ = {
			isa = PBXResourcesBuildPhase;
			buildActionMask = 2147483647;
			files = (
			);
			runOnlyForDeploymentPostprocessing = 0;
		};
/* End PBXResourcesBuildPhase section */

/* Begin PBXShellScriptBuildPhase section */
		22E808F4FFB3CC813B4B4237 /* [CP] Embed Pods Frameworks */ = {
			isa = PBXShellScriptBuildPhase;
			buildActionMask = 2147483647;
			files = (
			);
			inputPaths = (
			);
			name = "[CP] Embed Pods Frameworks";
			outputPaths = (
			);
			runOnlyForDeploymentPostprocessing = 0;
			shellPath = /bin/sh;
			shellScript = "\"${SRCROOT}/Pods/Target Support Files/Pods-BringgTrackingSDKDemo/Pods-BringgTrackingSDKDemo-frameworks.sh\"\n";
			showEnvVarsInLog = 0;
		};
		66AA10682BC83C9B2B312851 /* [CP] Check Pods Manifest.lock */ = {
			isa = PBXShellScriptBuildPhase;
			buildActionMask = 2147483647;
			files = (
			);
			inputPaths = (
			);
			name = "[CP] Check Pods Manifest.lock";
			outputPaths = (
			);
			runOnlyForDeploymentPostprocessing = 0;
			shellPath = /bin/sh;
			shellScript = "diff \"${PODS_ROOT}/../Podfile.lock\" \"${PODS_ROOT}/Manifest.lock\" > /dev/null\nif [[ $? != 0 ]] ; then\n    cat << EOM\nerror: The sandbox is not in sync with the Podfile.lock. Run 'pod install' or update your CocoaPods installation.\nEOM\n    exit 1\nfi\n";
			showEnvVarsInLog = 0;
		};
		B335686477B728764F5916A0 /* [CP] Copy Pods Resources */ = {
			isa = PBXShellScriptBuildPhase;
			buildActionMask = 2147483647;
			files = (
			);
			inputPaths = (
			);
			name = "[CP] Copy Pods Resources";
			outputPaths = (
			);
			runOnlyForDeploymentPostprocessing = 0;
			shellPath = /bin/sh;
			shellScript = "\"${SRCROOT}/Pods/Target Support Files/Pods-BringgTrackingSDKDemo/Pods-BringgTrackingSDKDemo-resources.sh\"\n";
			showEnvVarsInLog = 0;
		};
/* End PBXShellScriptBuildPhase section */

/* Begin PBXSourcesBuildPhase section */
		A913A4821A41CFF80002AE32 /* Sources */ = {
			isa = PBXSourcesBuildPhase;
			buildActionMask = 2147483647;
			files = (
				A913A4921A41CFF90002AE32 /* MainViewController.m in Sources */,
				A913A48F1A41CFF90002AE32 /* AppDelegate.m in Sources */,
				A913A48C1A41CFF90002AE32 /* main.m in Sources */,
			);
			runOnlyForDeploymentPostprocessing = 0;
		};
		A913A49B1A41CFF90002AE32 /* Sources */ = {
			isa = PBXSourcesBuildPhase;
			buildActionMask = 2147483647;
			files = (
				A913A4A61A41CFF90002AE32 /* BringgTrackingSDKDemoTests.m in Sources */,
			);
			runOnlyForDeploymentPostprocessing = 0;
		};
/* End PBXSourcesBuildPhase section */

/* Begin PBXTargetDependency section */
		A913A4A11A41CFF90002AE32 /* PBXTargetDependency */ = {
			isa = PBXTargetDependency;
			target = A913A4851A41CFF80002AE32 /* BringgTrackingSDKDemo */;
			targetProxy = A913A4A01A41CFF90002AE32 /* PBXContainerItemProxy */;
		};
/* End PBXTargetDependency section */

/* Begin PBXVariantGroup section */
		A913A4931A41CFF90002AE32 /* Main.storyboard */ = {
			isa = PBXVariantGroup;
			children = (
				A913A4941A41CFF90002AE32 /* Base */,
			);
			name = Main.storyboard;
			sourceTree = "<group>";
		};
		A913A4981A41CFF90002AE32 /* LaunchScreen.xib */ = {
			isa = PBXVariantGroup;
			children = (
				A913A4991A41CFF90002AE32 /* Base */,
			);
			name = LaunchScreen.xib;
			sourceTree = "<group>";
		};
/* End PBXVariantGroup section */

/* Begin XCBuildConfiguration section */
		A913A4A71A41CFF90002AE32 /* Debug */ = {
			isa = XCBuildConfiguration;
			buildSettings = {
				ALWAYS_SEARCH_USER_PATHS = NO;
				CLANG_CXX_LANGUAGE_STANDARD = "gnu++0x";
				CLANG_CXX_LIBRARY = "libc++";
				CLANG_ENABLE_MODULES = YES;
				CLANG_ENABLE_OBJC_ARC = YES;
				CLANG_WARN_BOOL_CONVERSION = YES;
				CLANG_WARN_CONSTANT_CONVERSION = YES;
				CLANG_WARN_DIRECT_OBJC_ISA_USAGE = YES_ERROR;
				CLANG_WARN_EMPTY_BODY = YES;
				CLANG_WARN_ENUM_CONVERSION = YES;
				CLANG_WARN_INT_CONVERSION = YES;
				CLANG_WARN_OBJC_ROOT_CLASS = YES_ERROR;
				CLANG_WARN_UNREACHABLE_CODE = YES;
				CLANG_WARN__DUPLICATE_METHOD_MATCH = YES;
				"CODE_SIGN_IDENTITY[sdk=iphoneos*]" = "iPhone Developer";
				COPY_PHASE_STRIP = NO;
				ENABLE_STRICT_OBJC_MSGSEND = YES;
				ENABLE_TESTABILITY = YES;
				GCC_C_LANGUAGE_STANDARD = gnu99;
				GCC_DYNAMIC_NO_PIC = NO;
				GCC_OPTIMIZATION_LEVEL = 0;
				GCC_PREPROCESSOR_DEFINITIONS = (
					"DEBUG=1",
					"$(inherited)",
				);
				GCC_SYMBOLS_PRIVATE_EXTERN = NO;
				GCC_WARN_64_TO_32_BIT_CONVERSION = YES;
				GCC_WARN_ABOUT_RETURN_TYPE = YES_ERROR;
				GCC_WARN_UNDECLARED_SELECTOR = YES;
				GCC_WARN_UNINITIALIZED_AUTOS = YES_AGGRESSIVE;
				GCC_WARN_UNUSED_FUNCTION = YES;
				GCC_WARN_UNUSED_VARIABLE = YES;
				IPHONEOS_DEPLOYMENT_TARGET = 8.1;
				MTL_ENABLE_DEBUG_INFO = YES;
				ONLY_ACTIVE_ARCH = YES;
				SDKROOT = iphoneos;
			};
			name = Debug;
		};
		A913A4A81A41CFF90002AE32 /* Release */ = {
			isa = XCBuildConfiguration;
			buildSettings = {
				ALWAYS_SEARCH_USER_PATHS = NO;
				CLANG_CXX_LANGUAGE_STANDARD = "gnu++0x";
				CLANG_CXX_LIBRARY = "libc++";
				CLANG_ENABLE_MODULES = YES;
				CLANG_ENABLE_OBJC_ARC = YES;
				CLANG_WARN_BOOL_CONVERSION = YES;
				CLANG_WARN_CONSTANT_CONVERSION = YES;
				CLANG_WARN_DIRECT_OBJC_ISA_USAGE = YES_ERROR;
				CLANG_WARN_EMPTY_BODY = YES;
				CLANG_WARN_ENUM_CONVERSION = YES;
				CLANG_WARN_INT_CONVERSION = YES;
				CLANG_WARN_OBJC_ROOT_CLASS = YES_ERROR;
				CLANG_WARN_UNREACHABLE_CODE = YES;
				CLANG_WARN__DUPLICATE_METHOD_MATCH = YES;
				"CODE_SIGN_IDENTITY[sdk=iphoneos*]" = "iPhone Developer";
				COPY_PHASE_STRIP = YES;
				ENABLE_NS_ASSERTIONS = NO;
				ENABLE_STRICT_OBJC_MSGSEND = YES;
				GCC_C_LANGUAGE_STANDARD = gnu99;
				GCC_WARN_64_TO_32_BIT_CONVERSION = YES;
				GCC_WARN_ABOUT_RETURN_TYPE = YES_ERROR;
				GCC_WARN_UNDECLARED_SELECTOR = YES;
				GCC_WARN_UNINITIALIZED_AUTOS = YES_AGGRESSIVE;
				GCC_WARN_UNUSED_FUNCTION = YES;
				GCC_WARN_UNUSED_VARIABLE = YES;
				IPHONEOS_DEPLOYMENT_TARGET = 8.1;
				MTL_ENABLE_DEBUG_INFO = NO;
				SDKROOT = iphoneos;
				VALIDATE_PRODUCT = YES;
			};
			name = Release;
		};
		A913A4AA1A41CFF90002AE32 /* Debug */ = {
			isa = XCBuildConfiguration;
			baseConfigurationReference = E7FE76C953F12186BE344A14 /* Pods-BringgTrackingSDKDemo.debug.xcconfig */;
			buildSettings = {
				ALWAYS_SEARCH_USER_PATHS = NO;
				ASSETCATALOG_COMPILER_APPICON_NAME = AppIcon;
				CODE_SIGN_IDENTITY = "iPhone Developer";
				"CODE_SIGN_IDENTITY[sdk=iphoneos*]" = "iPhone Developer";
				ENABLE_BITCODE = YES;
				FRAMEWORK_SEARCH_PATHS = (
					"$(inherited)",
					"$(PROJECT_DIR)/BringgTrackingSDKDemo",
				);
				HEADER_SEARCH_PATHS = "";
				INFOPLIST_FILE = BringgTrackingSDKDemo/Info.plist;
				IPHONEOS_DEPLOYMENT_TARGET = 8.0;
				LD_RUNPATH_SEARCH_PATHS = "$(inherited) @executable_path/Frameworks";
				LIBRARY_SEARCH_PATHS = "$(inherited)";
				ONLY_ACTIVE_ARCH = YES;
				OTHER_LDFLAGS = (
					"-ObjC",
					"$(inherited)",
				);
				PRODUCT_BUNDLE_IDENTIFIER = com.bringg.customersdkdemo;
				PRODUCT_NAME = "$(TARGET_NAME)";
				PROVISIONING_PROFILE = "";
				USER_HEADER_SEARCH_PATHS = "";
				VALID_ARCHS = "arm64 armv7 armv7s";
			};
			name = Debug;
		};
		A913A4AB1A41CFF90002AE32 /* Release */ = {
			isa = XCBuildConfiguration;
			baseConfigurationReference = C19390AAF9BAFA23E8B5BCE1 /* Pods-BringgTrackingSDKDemo.release.xcconfig */;
			buildSettings = {
				ALWAYS_SEARCH_USER_PATHS = NO;
				ASSETCATALOG_COMPILER_APPICON_NAME = AppIcon;
				CODE_SIGN_IDENTITY = "iPhone Developer";
				"CODE_SIGN_IDENTITY[sdk=iphoneos*]" = "iPhone Developer";
				ENABLE_BITCODE = YES;
				FRAMEWORK_SEARCH_PATHS = (
					"$(inherited)",
					"$(PROJECT_DIR)/BringgTrackingSDKDemo",
				);
				HEADER_SEARCH_PATHS = "";
				INFOPLIST_FILE = BringgTrackingSDKDemo/Info.plist;
				IPHONEOS_DEPLOYMENT_TARGET = 8.0;
				LD_RUNPATH_SEARCH_PATHS = "$(inherited) @executable_path/Frameworks";
				LIBRARY_SEARCH_PATHS = "$(inherited)";
				ONLY_ACTIVE_ARCH = NO;
				OTHER_LDFLAGS = (
					"-ObjC",
					"$(inherited)",
				);
				PRODUCT_BUNDLE_IDENTIFIER = com.bringg.customersdkdemo;
				PRODUCT_NAME = "$(TARGET_NAME)";
				PROVISIONING_PROFILE = "";
				USER_HEADER_SEARCH_PATHS = "";
				VALID_ARCHS = "arm64 armv7 armv7s";
			};
			name = Release;
		};
		A913A4AD1A41CFF90002AE32 /* Debug */ = {
			isa = XCBuildConfiguration;
			buildSettings = {
				BUNDLE_LOADER = "$(TEST_HOST)";
				FRAMEWORK_SEARCH_PATHS = (
					"$(SDKROOT)/Developer/Library/Frameworks",
					"$(inherited)",
				);
				GCC_PREPROCESSOR_DEFINITIONS = (
					"DEBUG=1",
					"$(inherited)",
				);
				INFOPLIST_FILE = BringgTrackingSDKDemoTests/Info.plist;
				LD_RUNPATH_SEARCH_PATHS = "$(inherited) @executable_path/Frameworks @loader_path/Frameworks";
				PRODUCT_BUNDLE_IDENTIFIER = "com.bringg.$(PRODUCT_NAME:rfc1034identifier)";
				PRODUCT_NAME = "$(TARGET_NAME)";
				TEST_HOST = "$(BUILT_PRODUCTS_DIR)/BringgTrackingSDKDemo.app/BringgTrackingSDKDemo";
			};
			name = Debug;
		};
		A913A4AE1A41CFF90002AE32 /* Release */ = {
			isa = XCBuildConfiguration;
			buildSettings = {
				BUNDLE_LOADER = "$(TEST_HOST)";
				FRAMEWORK_SEARCH_PATHS = (
					"$(SDKROOT)/Developer/Library/Frameworks",
					"$(inherited)",
				);
				INFOPLIST_FILE = BringgTrackingSDKDemoTests/Info.plist;
				LD_RUNPATH_SEARCH_PATHS = "$(inherited) @executable_path/Frameworks @loader_path/Frameworks";
				PRODUCT_BUNDLE_IDENTIFIER = "com.bringg.$(PRODUCT_NAME:rfc1034identifier)";
				PRODUCT_NAME = "$(TARGET_NAME)";
				TEST_HOST = "$(BUILT_PRODUCTS_DIR)/BringgTrackingSDKDemo.app/BringgTrackingSDKDemo";
			};
			name = Release;
		};
/* End XCBuildConfiguration section */

/* Begin XCConfigurationList section */
		A913A4811A41CFF80002AE32 /* Build configuration list for PBXProject "BringgTrackingSDKDemo" */ = {
			isa = XCConfigurationList;
			buildConfigurations = (
				A913A4A71A41CFF90002AE32 /* Debug */,
				A913A4A81A41CFF90002AE32 /* Release */,
			);
			defaultConfigurationIsVisible = 0;
			defaultConfigurationName = Release;
		};
		A913A4A91A41CFF90002AE32 /* Build configuration list for PBXNativeTarget "BringgTrackingSDKDemo" */ = {
			isa = XCConfigurationList;
			buildConfigurations = (
				A913A4AA1A41CFF90002AE32 /* Debug */,
				A913A4AB1A41CFF90002AE32 /* Release */,
			);
			defaultConfigurationIsVisible = 0;
			defaultConfigurationName = Release;
		};
		A913A4AC1A41CFF90002AE32 /* Build configuration list for PBXNativeTarget "BringgTrackingSDKDemoTests" */ = {
			isa = XCConfigurationList;
			buildConfigurations = (
				A913A4AD1A41CFF90002AE32 /* Debug */,
				A913A4AE1A41CFF90002AE32 /* Release */,
			);
			defaultConfigurationIsVisible = 0;
			defaultConfigurationName = Release;
		};
/* End XCConfigurationList section */
	};
	rootObject = A913A47E1A41CFF80002AE32 /* Project object */;
}
